
Microsoft Visual Studio Solution File, Format Version 12.00
# Visual Studio Version 17
VisualStudioVersion = 17.9.34723.18
MinimumVisualStudioVersion = 10.0.40219.1
Project("{FAE04EC0-301F-11D3-BF4B-00C04F79EFBC}") = "ToyRobotSimulator", "ToyRobotSimulator\ToyRobotSimulator.csproj", "{2550C606-2D16-4D18-8896-51A8372CF29D}"
EndProject
Project("{FAE04EC0-301F-11D3-BF4B-00C04F79EFBC}") = "ToyRobotSimulator.Test", "ToyRobotSimulator.Test\ToyRobotSimulator.Test.csproj", "{C1D1ED9A-3590-4035-8AF0-B0CA069E5248}"
EndProject
Global
	GlobalSection(SolutionConfigurationPlatforms) = preSolution
		Debug|Any CPU = Debug|Any CPU
		Release|Any CPU = Release|Any CPU
	EndGlobalSection
	GlobalSection(ProjectConfigurationPlatforms) = postSolution
		{2550C606-2D16-4D18-8896-51A8372CF29D}.Debug|Any CPU.ActiveCfg = Debug|Any CPU
		{2550C606-2D16-4D18-8896-51A8372CF29D}.Debug|Any CPU.Build.0 = Debug|Any CPU
		{2550C606-2D16-4D18-8896-51A8372CF29D}.Release|Any CPU.ActiveCfg = Release|Any CPU
		{2550C606-2D16-4D18-8896-51A8372CF29D}.Release|Any CPU.Build.0 = Release|Any CPU
		{C1D1ED9A-3590-4035-8AF0-B0CA069E5248}.Debug|Any CPU.ActiveCfg = Debug|Any CPU
		{C1D1ED9A-3590-4035-8AF0-B0CA069E5248}.Debug|Any CPU.Build.0 = Debug|Any CPU
		{C1D1ED9A-3590-4035-8AF0-B0CA069E5248}.Release|Any CPU.ActiveCfg = Release|Any CPU
		{C1D1ED9A-3590-4035-8AF0-B0CA069E5248}.Release|Any CPU.Build.0 = Release|Any CPU
	EndGlobalSection
	GlobalSection(SolutionProperties) = preSolution
		HideSolutionNode = FALSE
	EndGlobalSection
	GlobalSection(ExtensibilityGlobals) = postSolution
		SolutionGuid = {D1FD6E9A-FC93-401A-B9F4-42C5F4091D15}
	EndGlobalSection
EndGlobal
